// !$*UTF8*$!
{
	archiveVersion = 1;
	classes = {
	};
	objectVersion = 46;
	objects = {

/* Begin PBXBuildFile section */
		039EFBAC1BB2E69500CC59AA /* main.m in Sources */ = {isa = PBXBuildFile; fileRef = 039EFBAB1BB2E69500CC59AA /* main.m */; };
		039EFBAF1BB2E69500CC59AA /* AppDelegate.m in Sources */ = {isa = PBXBuildFile; fileRef = 039EFBAE1BB2E69500CC59AA /* AppDelegate.m */; };
		039EFBB21BB2E69500CC59AA /* ViewController.m in Sources */ = {isa = PBXBuildFile; fileRef = 039EFBB11BB2E69500CC59AA /* ViewController.m */; };
		039EFBB51BB2E69500CC59AA /* Main.storyboard in Resources */ = {isa = PBXBuildFile; fileRef = 039EFBB31BB2E69500CC59AA /* Main.storyboard */; };
		039EFBB81BB2E69500CC59AA /* KidFriendlyOC.xcdatamodeld in Sources */ = {isa = PBXBuildFile; fileRef = 039EFBB61BB2E69500CC59AA /* KidFriendlyOC.xcdatamodeld */; };
		039EFBBA1BB2E69500CC59AA /* Assets.xcassets in Resources */ = {isa = PBXBuildFile; fileRef = 039EFBB91BB2E69500CC59AA /* Assets.xcassets */; };
		039EFBBD1BB2E69500CC59AA /* LaunchScreen.storyboard in Resources */ = {isa = PBXBuildFile; fileRef = 039EFBBB1BB2E69500CC59AA /* LaunchScreen.storyboard */; };
		039EFBC81BB2E69500CC59AA /* KidFriendlyOCTests.m in Sources */ = {isa = PBXBuildFile; fileRef = 039EFBC71BB2E69500CC59AA /* KidFriendlyOCTests.m */; };
		039EFBD31BB2E69500CC59AA /* KidFriendlyOCUITests.m in Sources */ = {isa = PBXBuildFile; fileRef = 039EFBD21BB2E69500CC59AA /* KidFriendlyOCUITests.m */; };
/* End PBXBuildFile section */

/* Begin PBXContainerItemProxy section */
		039EFBC41BB2E69500CC59AA /* PBXContainerItemProxy */ = {
			isa = PBXContainerItemProxy;
			containerPortal = 039EFB9F1BB2E69500CC59AA /* Project object */;
			proxyType = 1;
			remoteGlobalIDString = 039EFBA61BB2E69500CC59AA;
			remoteInfo = KidFriendlyOC;
		};
		039EFBCF1BB2E69500CC59AA /* PBXContainerItemProxy */ = {
			isa = PBXContainerItemProxy;
			containerPortal = 039EFB9F1BB2E69500CC59AA /* Project object */;
			proxyType = 1;
			remoteGlobalIDString = 039EFBA61BB2E69500CC59AA;
			remoteInfo = KidFriendlyOC;
		};
/* End PBXContainerItemProxy section */

/* Begin PBXFileReference section */
		039EFBA71BB2E69500CC59AA /* KidFriendlyOC.app */ = {isa = PBXFileReference; explicitFileType = wrapper.application; includeInIndex = 0; path = KidFriendlyOC.app; sourceTree = BUILT_PRODUCTS_DIR; };
		039EFBAB1BB2E69500CC59AA /* main.m */ = {isa = PBXFileReference; lastKnownFileType = sourcecode.c.objc; path = main.m; sourceTree = "<group>"; };
		039EFBAD1BB2E69500CC59AA /* AppDelegate.h */ = {isa = PBXFileReference; lastKnownFileType = sourcecode.c.h; path = AppDelegate.h; sourceTree = "<group>"; };
		039EFBAE1BB2E69500CC59AA /* AppDelegate.m */ = {isa = PBXFileReference; lastKnownFileType = sourcecode.c.objc; path = AppDelegate.m; sourceTree = "<group>"; };
		039EFBB01BB2E69500CC59AA /* ViewController.h */ = {isa = PBXFileReference; lastKnownFileType = sourcecode.c.h; path = ViewController.h; sourceTree = "<group>"; };
		039EFBB11BB2E69500CC59AA /* ViewController.m */ = {isa = PBXFileReference; lastKnownFileType = sourcecode.c.objc; path = ViewController.m; sourceTree = "<group>"; };
		039EFBB41BB2E69500CC59AA /* Base */ = {isa = PBXFileReference; lastKnownFileType = file.storyboard; name = Base; path = Base.lproj/Main.storyboard; sourceTree = "<group>"; };
		039EFBB71BB2E69500CC59AA /* KidFriendlyOC.xcdatamodel */ = {isa = PBXFileReference; lastKnownFileType = wrapper.xcdatamodel; path = KidFriendlyOC.xcdatamodel; sourceTree = "<group>"; };
		039EFBB91BB2E69500CC59AA /* Assets.xcassets */ = {isa = PBXFileReference; lastKnownFileType = folder.assetcatalog; path = Assets.xcassets; sourceTree = "<group>"; };
		039EFBBC1BB2E69500CC59AA /* Base */ = {isa = PBXFileReference; lastKnownFileType = file.storyboard; name = Base; path = Base.lproj/LaunchScreen.storyboard; sourceTree = "<group>"; };
		039EFBBE1BB2E69500CC59AA /* Info.plist */ = {isa = PBXFileReference; lastKnownFileType = text.plist.xml; path = Info.plist; sourceTree = "<group>"; };
		039EFBC31BB2E69500CC59AA /* KidFriendlyOCTests.xctest */ = {isa = PBXFileReference; explicitFileType = wrapper.cfbundle; includeInIndex = 0; path = KidFriendlyOCTests.xctest; sourceTree = BUILT_PRODUCTS_DIR; };
		039EFBC71BB2E69500CC59AA /* KidFriendlyOCTests.m */ = {isa = PBXFileReference; lastKnownFileType = sourcecode.c.objc; path = KidFriendlyOCTests.m; sourceTree = "<group>"; };
		039EFBC91BB2E69500CC59AA /* Info.plist */ = {isa = PBXFileReference; lastKnownFileType = text.plist.xml; path = Info.plist; sourceTree = "<group>"; };
		039EFBCE1BB2E69500CC59AA /* KidFriendlyOCUITests.xctest */ = {isa = PBXFileReference; explicitFileType = wrapper.cfbundle; includeInIndex = 0; path = KidFriendlyOCUITests.xctest; sourceTree = BUILT_PRODUCTS_DIR; };
		039EFBD21BB2E69500CC59AA /* KidFriendlyOCUITests.m */ = {isa = PBXFileReference; lastKnownFileType = sourcecode.c.objc; path = KidFriendlyOCUITests.m; sourceTree = "<group>"; };
		039EFBD41BB2E69500CC59AA /* Info.plist */ = {isa = PBXFileReference; lastKnownFileType = text.plist.xml; path = Info.plist; sourceTree = "<group>"; };
/* End PBXFileReference section */

/* Begin PBXFrameworksBuildPhase section */
		039EFBA41BB2E69500CC59AA /* Frameworks */ = {
			isa = PBXFrameworksBuildPhase;
			buildActionMask = 2147483647;
			files = (
			);
			runOnlyForDeploymentPostprocessing = 0;
		};
		039EFBC01BB2E69500CC59AA /* Frameworks */ = {
			isa = PBXFrameworksBuildPhase;
			buildActionMask = 2147483647;
			files = (
			);
			runOnlyForDeploymentPostprocessing = 0;
		};
		039EFBCB1BB2E69500CC59AA /* Frameworks */ = {
			isa = PBXFrameworksBuildPhase;
			buildActionMask = 2147483647;
			files = (
			);
			runOnlyForDeploymentPostprocessing = 0;
		};
/* End PBXFrameworksBuildPhase section */

/* Begin PBXGroup section */
		039EFB9E1BB2E69500CC59AA = {
			isa = PBXGroup;
			children = (
				039EFBA91BB2E69500CC59AA /* KidFriendlyOC */,
				039EFBC61BB2E69500CC59AA /* KidFriendlyOCTests */,
				039EFBD11BB2E69500CC59AA /* KidFriendlyOCUITests */,
				039EFBA81BB2E69500CC59AA /* Products */,
			);
			sourceTree = "<group>";
		};
		039EFBA81BB2E69500CC59AA /* Products */ = {
			isa = PBXGroup;
			children = (
				039EFBA71BB2E69500CC59AA /* KidFriendlyOC.app */,
				039EFBC31BB2E69500CC59AA /* KidFriendlyOCTests.xctest */,
				039EFBCE1BB2E69500CC59AA /* KidFriendlyOCUITests.xctest */,
			);
			name = Products;
			sourceTree = "<group>";
		};
		039EFBA91BB2E69500CC59AA /* KidFriendlyOC */ = {
			isa = PBXGroup;
			children = (
				039EFBAD1BB2E69500CC59AA /* AppDelegate.h */,
				039EFBAE1BB2E69500CC59AA /* AppDelegate.m */,
				039EFBB01BB2E69500CC59AA /* ViewController.h */,
				039EFBB11BB2E69500CC59AA /* ViewController.m */,
				039EFBB31BB2E69500CC59AA /* Main.storyboard */,
				039EFBB91BB2E69500CC59AA /* Assets.xcassets */,
				039EFBBB1BB2E69500CC59AA /* LaunchScreen.storyboard */,
				039EFBBE1BB2E69500CC59AA /* Info.plist */,
				039EFBB61BB2E69500CC59AA /* KidFriendlyOC.xcdatamodeld */,
				039EFBAA1BB2E69500CC59AA /* Supporting Files */,
			);
			path = KidFriendlyOC;
			sourceTree = "<group>";
		};
		039EFBAA1BB2E69500CC59AA /* Supporting Files */ = {
			isa = PBXGroup;
			children = (
				039EFBAB1BB2E69500CC59AA /* main.m */,
			);
			name = "Supporting Files";
			sourceTree = "<group>";
		};
		039EFBC61BB2E69500CC59AA /* KidFriendlyOCTests */ = {
			isa = PBXGroup;
			children = (
				039EFBC71BB2E69500CC59AA /* KidFriendlyOCTests.m */,
				039EFBC91BB2E69500CC59AA /* Info.plist */,
			);
			path = KidFriendlyOCTests;
			sourceTree = "<group>";
		};
		039EFBD11BB2E69500CC59AA /* KidFriendlyOCUITests */ = {
			isa = PBXGroup;
			children = (
				039EFBD21BB2E69500CC59AA /* KidFriendlyOCUITests.m */,
				039EFBD41BB2E69500CC59AA /* Info.plist */,
			);
			path = KidFriendlyOCUITests;
			sourceTree = "<group>";
		};
/* End PBXGroup section */

/* Begin PBXNativeTarget section */
		039EFBA61BB2E69500CC59AA /* KidFriendlyOC */ = {
			isa = PBXNativeTarget;
			buildConfigurationList = 039EFBD71BB2E69500CC59AA /* Build configuration list for PBXNativeTarget "KidFriendlyOC" */;
			buildPhases = (
				039EFBA31BB2E69500CC59AA /* Sources */,
				039EFBA41BB2E69500CC59AA /* Frameworks */,
				039EFBA51BB2E69500CC59AA /* Resources */,
			);
			buildRules = (
			);
			dependencies = (
			);
			name = KidFriendlyOC;
			productName = KidFriendlyOC;
			productReference = 039EFBA71BB2E69500CC59AA /* KidFriendlyOC.app */;
			productType = "com.apple.product-type.application";
		};
		039EFBC21BB2E69500CC59AA /* KidFriendlyOCTests */ = {
			isa = PBXNativeTarget;
			buildConfigurationList = 039EFBDA1BB2E69500CC59AA /* Build configuration list for PBXNativeTarget "KidFriendlyOCTests" */;
			buildPhases = (
				039EFBBF1BB2E69500CC59AA /* Sources */,
				039EFBC01BB2E69500CC59AA /* Frameworks */,
				039EFBC11BB2E69500CC59AA /* Resources */,
			);
			buildRules = (
			);
			dependencies = (
				039EFBC51BB2E69500CC59AA /* PBXTargetDependency */,
			);
			name = KidFriendlyOCTests;
			productName = KidFriendlyOCTests;
			productReference = 039EFBC31BB2E69500CC59AA /* KidFriendlyOCTests.xctest */;
			productType = "com.apple.product-type.bundle.unit-test";
		};
		039EFBCD1BB2E69500CC59AA /* KidFriendlyOCUITests */ = {
			isa = PBXNativeTarget;
			buildConfigurationList = 039EFBDD1BB2E69500CC59AA /* Build configuration list for PBXNativeTarget "KidFriendlyOCUITests" */;
			buildPhases = (
				039EFBCA1BB2E69500CC59AA /* Sources */,
				039EFBCB1BB2E69500CC59AA /* Frameworks */,
				039EFBCC1BB2E69500CC59AA /* Resources */,
			);
			buildRules = (
			);
			dependencies = (
				039EFBD01BB2E69500CC59AA /* PBXTargetDependency */,
			);
			name = KidFriendlyOCUITests;
			productName = KidFriendlyOCUITests;
			productReference = 039EFBCE1BB2E69500CC59AA /* KidFriendlyOCUITests.xctest */;
			productType = "com.apple.product-type.bundle.ui-testing";
		};
/* End PBXNativeTarget section */

/* Begin PBXProject section */
		039EFB9F1BB2E69500CC59AA /* Project object */ = {
			isa = PBXProject;
			attributes = {
				LastUpgradeCheck = 0700;
				ORGANIZATIONNAME = "Erik Klein";
				TargetAttributes = {
					039EFBA61BB2E69500CC59AA = {
						CreatedOnToolsVersion = 7.0;
						DevelopmentTeam = 2L537R8349;
					};
					039EFBC21BB2E69500CC59AA = {
						CreatedOnToolsVersion = 7.0;
						TestTargetID = 039EFBA61BB2E69500CC59AA;
					};
					039EFBCD1BB2E69500CC59AA = {
						CreatedOnToolsVersion = 7.0;
						TestTargetID = 039EFBA61BB2E69500CC59AA;
					};
				};
			};
			buildConfigurationList = 039EFBA21BB2E69500CC59AA /* Build configuration list for PBXProject "KidFriendlyOC" */;
			compatibilityVersion = "Xcode 3.2";
			developmentRegion = English;
			hasScannedForEncodings = 0;
			knownRegions = (
				en,
				Base,
			);
			mainGroup = 039EFB9E1BB2E69500CC59AA;
			productRefGroup = 039EFBA81BB2E69500CC59AA /* Products */;
			projectDirPath = "";
			projectRoot = "";
			targets = (
				039EFBA61BB2E69500CC59AA /* KidFriendlyOC */,
				039EFBC21BB2E69500CC59AA /* KidFriendlyOCTests */,
				039EFBCD1BB2E69500CC59AA /* KidFriendlyOCUITests */,
			);
		};
/* End PBXProject section */

/* Begin PBXResourcesBuildPhase section */
		039EFBA51BB2E69500CC59AA /* Resources */ = {
			isa = PBXResourcesBuildPhase;
			buildActionMask = 2147483647;
			files = (
				039EFBBD1BB2E69500CC59AA /* LaunchScreen.storyboard in Resources */,
				039EFBBA1BB2E69500CC59AA /* Assets.xcassets in Resources */,
				039EFBB51BB2E69500CC59AA /* Main.storyboard in Resources */,
			);
			runOnlyForDeploymentPostprocessing = 0;
		};
		039EFBC11BB2E69500CC59AA /* Resources */ = {
			isa = PBXResourcesBuildPhase;
			buildActionMask = 2147483647;
			files = (
			);
			runOnlyForDeploymentPostprocessing = 0;
		};
		039EFBCC1BB2E69500CC59AA /* Resources */ = {
			isa = PBXResourcesBuildPhase;
			buildActionMask = 2147483647;
			files = (
			);
			runOnlyForDeploymentPostprocessing = 0;
		};
/* End PBXResourcesBuildPhase section */

/* Begin PBXSourcesBuildPhase section */
		039EFBA31BB2E69500CC59AA /* Sources */ = {
			isa = PBXSourcesBuildPhase;
			buildActionMask = 2147483647;
			files = (
				039EFBB21BB2E69500CC59AA /* ViewController.m in Sources */,
				039EFBB81BB2E69500CC59AA /* KidFriendlyOC.xcdatamodeld in Sources */,
				039EFBAF1BB2E69500CC59AA /* AppDelegate.m in Sources */,
				039EFBAC1BB2E69500CC59AA /* main.m in Sources */,
			);
			runOnlyForDeploymentPostprocessing = 0;
		};
		039EFBBF1BB2E69500CC59AA /* Sources */ = {
			isa = PBXSourcesBuildPhase;
			buildActionMask = 2147483647;
			files = (
				039EFBC81BB2E69500CC59AA /* KidFriendlyOCTests.m in Sources */,
			);
			runOnlyForDeploymentPostprocessing = 0;
		};
		039EFBCA1BB2E69500CC59AA /* Sources */ = {
			isa = PBXSourcesBuildPhase;
			buildActionMask = 2147483647;
			files = (
				039EFBD31BB2E69500CC59AA /* KidFriendlyOCUITests.m in Sources */,
			);
			runOnlyForDeploymentPostprocessing = 0;
		};
/* End PBXSourcesBuildPhase section */

/* Begin PBXTargetDependency section */
		039EFBC51BB2E69500CC59AA /* PBXTargetDependency */ = {
			isa = PBXTargetDependency;
			target = 039EFBA61BB2E69500CC59AA /* KidFriendlyOC */;
			targetProxy = 039EFBC41BB2E69500CC59AA /* PBXContainerItemProxy */;
		};
		039EFBD01BB2E69500CC59AA /* PBXTargetDependency */ = {
			isa = PBXTargetDependency;
			target = 039EFBA61BB2E69500CC59AA /* KidFriendlyOC */;
			targetProxy = 039EFBCF1BB2E69500CC59AA /* PBXContainerItemProxy */;
		};
/* End PBXTargetDependency section */

/* Begin PBXVariantGroup section */
		039EFBB31BB2E69500CC59AA /* Main.storyboard */ = {
			isa = PBXVariantGroup;
			children = (
				039EFBB41BB2E69500CC59AA /* Base */,
			);
			name = Main.storyboard;
			sourceTree = "<group>";
		};
		039EFBBB1BB2E69500CC59AA /* LaunchScreen.storyboard */ = {
			isa = PBXVariantGroup;
			children = (
				039EFBBC1BB2E69500CC59AA /* Base */,
			);
			name = LaunchScreen.storyboard;
			sourceTree = "<group>";
		};
/* End PBXVariantGroup section */

/* Begin XCBuildConfiguration section */
		039EFBD51BB2E69500CC59AA /* Debug */ = {
			isa = XCBuildConfiguration;
			buildSettings = {
				ALWAYS_SEARCH_USER_PATHS = NO;
				CLANG_CXX_LANGUAGE_STANDARD = "gnu++0x";
				CLANG_CXX_LIBRARY = "libc++";
				CLANG_ENABLE_MODULES = YES;
				CLANG_ENABLE_OBJC_ARC = YES;
				CLANG_WARN_BOOL_CONVERSION = YES;
				CLANG_WARN_CONSTANT_CONVERSION = YES;
				CLANG_WARN_DIRECT_OBJC_ISA_USAGE = YES_ERROR;
				CLANG_WARN_EMPTY_BODY = YES;
				CLANG_WARN_ENUM_CONVERSION = YES;
				CLANG_WARN_INT_CONVERSION = YES;
				CLANG_WARN_OBJC_ROOT_CLASS = YES_ERROR;
				CLANG_WARN_UNREACHABLE_CODE = YES;
				CLANG_WARN__DUPLICATE_METHOD_MATCH = YES;
				"CODE_SIGN_IDENTITY[sdk=iphoneos*]" = "iPhone Developer";
				COPY_PHASE_STRIP = NO;
				DEBUG_INFORMATION_FORMAT = dwarf;
				ENABLE_STRICT_OBJC_MSGSEND = YES;
				ENABLE_TESTABILITY = YES;
				GCC_C_LANGUAGE_STANDARD = gnu99;
				GCC_DYNAMIC_NO_PIC = NO;
				GCC_NO_COMMON_BLOCKS = YES;
				GCC_OPTIMIZATION_LEVEL = 0;
				GCC_PREPROCESSOR_DEFINITIONS = (
					"DEBUG=1",
					"$(inherited)",
				);
				GCC_WARN_64_TO_32_BIT_CONVERSION = YES;
				GCC_WARN_ABOUT_RETURN_TYPE = YES_ERROR;
				GCC_WARN_UNDECLARED_SELECTOR = YES;
				GCC_WARN_UNINITIALIZED_AUTOS = YES_AGGRESSIVE;
				GCC_WARN_UNUSED_FUNCTION = YES;
				GCC_WARN_UNUSED_VARIABLE = YES;
				IPHONEOS_DEPLOYMENT_TARGET = 9.0;
				MTL_ENABLE_DEBUG_INFO = YES;
				ONLY_ACTIVE_ARCH = YES;
				SDKROOT = iphoneos;
				TARGETED_DEVICE_FAMILY = "1,2";
			};
			name = Debug;
		};
		039EFBD61BB2E69500CC59AA /* Release */ = {
			isa = XCBuildConfiguration;
			buildSettings = {
				ALWAYS_SEARCH_USER_PATHS = NO;
				CLANG_CXX_LANGUAGE_STANDARD = "gnu++0x";
				CLANG_CXX_LIBRARY = "libc++";
				CLANG_ENABLE_MODULES = YES;
				CLANG_ENABLE_OBJC_ARC = YES;
				CLANG_WARN_BOOL_CONVERSION = YES;
				CLANG_WARN_CONSTANT_CONVERSION = YES;
				CLANG_WARN_DIRECT_OBJC_ISA_USAGE = YES_ERROR;
				CLANG_WARN_EMPTY_BODY = YES;
				CLANG_WARN_ENUM_CONVERSION = YES;
				CLANG_WARN_INT_CONVERSION = YES;
				CLANG_WARN_OBJC_ROOT_CLASS = YES_ERROR;
				CLANG_WARN_UNREACHABLE_CODE = YES;
				CLANG_WARN__DUPLICATE_METHOD_MATCH = YES;
				"CODE_SIGN_IDENTITY[sdk=iphoneos*]" = "iPhone Developer";
				COPY_PHASE_STRIP = NO;
				DEBUG_INFORMATION_FORMAT = "dwarf-with-dsym";
				ENABLE_NS_ASSERTIONS = NO;
				ENABLE_STRICT_OBJC_MSGSEND = YES;
				GCC_C_LANGUAGE_STANDARD = gnu99;
				GCC_NO_COMMON_BLOCKS = YES;
				GCC_WARN_64_TO_32_BIT_CONVERSION = YES;
				GCC_WARN_ABOUT_RETURN_TYPE = YES_ERROR;
				GCC_WARN_UNDECLARED_SELECTOR = YES;
				GCC_WARN_UNINITIALIZED_AUTOS = YES_AGGRESSIVE;
				GCC_WARN_UNUSED_FUNCTION = YES;
				GCC_WARN_UNUSED_VARIABLE = YES;
				IPHONEOS_DEPLOYMENT_TARGET = 9.0;
				MTL_ENABLE_DEBUG_INFO = NO;
				SDKROOT = iphoneos;
				TARGETED_DEVICE_FAMILY = "1,2";
				VALIDATE_PRODUCT = YES;
			};
			name = Release;
		};
		039EFBD81BB2E69500CC59AA /* Debug */ = {
			isa = XCBuildConfiguration;
			buildSettings = {
				ASSETCATALOG_COMPILER_APPICON_NAME = AppIcon;
				CODE_SIGN_IDENTITY = "iPhone Developer";
				"CODE_SIGN_IDENTITY[sdk=iphoneos*]" = "iPhone Developer";
				INFOPLIST_FILE = KidFriendlyOC/Info.plist;
				LD_RUNPATH_SEARCH_PATHS = "$(inherited) @executable_path/Frameworks";
				PRODUCT_BUNDLE_IDENTIFIER = audiotrap.KidFriendlyOC;
				PRODUCT_NAME = "$(TARGET_NAME)";
				PROVISIONING_PROFILE = "";
			};
			name = Debug;
		};
		039EFBD91BB2E69500CC59AA /* Release */ = {
			isa = XCBuildConfiguration;
			buildSettings = {
				ASSETCATALOG_COMPILER_APPICON_NAME = AppIcon;
				CODE_SIGN_IDENTITY = "iPhone Developer";
				"CODE_SIGN_IDENTITY[sdk=iphoneos*]" = "iPhone Developer";
				INFOPLIST_FILE = KidFriendlyOC/Info.plist;
				LD_RUNPATH_SEARCH_PATHS = "$(inherited) @executable_path/Frameworks";
				PRODUCT_BUNDLE_IDENTIFIER = audiotrap.KidFriendlyOC;
				PRODUCT_NAME = "$(TARGET_NAME)";
				PROVISIONING_PROFILE = "";
			};
			name = Release;
		};
		039EFBDB1BB2E69500CC59AA /* Debug */ = {
			isa = XCBuildConfiguration;
			buildSettings = {
				BUNDLE_LOADER = "$(TEST_HOST)";
				INFOPLIST_FILE = KidFriendlyOCTests/Info.plist;
				LD_RUNPATH_SEARCH_PATHS = "$(inherited) @executable_path/Frameworks @loader_path/Frameworks";
				PRODUCT_BUNDLE_IDENTIFIER = audiotrap.KidFriendlyOCTests;
				PRODUCT_NAME = "$(TARGET_NAME)";
				TEST_HOST = "$(BUILT_PRODUCTS_DIR)/KidFriendlyOC.app/KidFriendlyOC";
			};
			name = Debug;
		};
		039EFBDC1BB2E69500CC59AA /* Release */ = {
			isa = XCBuildConfiguration;
			buildSettings = {
				BUNDLE_LOADER = "$(TEST_HOST)";
				INFOPLIST_FILE = KidFriendlyOCTests/Info.plist;
				LD_RUNPATH_SEARCH_PATHS = "$(inherited) @executable_path/Frameworks @loader_path/Frameworks";
				PRODUCT_BUNDLE_IDENTIFIER = audiotrap.KidFriendlyOCTests;
				PRODUCT_NAME = "$(TARGET_NAME)";
				TEST_HOST = "$(BUILT_PRODUCTS_DIR)/KidFriendlyOC.app/KidFriendlyOC";
			};
			name = Release;
		};
		039EFBDE1BB2E69500CC59AA /* Debug */ = {
			isa = XCBuildConfiguration;
			buildSettings = {
				INFOPLIST_FILE = KidFriendlyOCUITests/Info.plist;
				LD_RUNPATH_SEARCH_PATHS = "$(inherited) @executable_path/Frameworks @loader_path/Frameworks";
				PRODUCT_BUNDLE_IDENTIFIER = audiotrap.KidFriendlyOCUITests;
				PRODUCT_NAME = "$(TARGET_NAME)";
				TEST_TARGET_NAME = KidFriendlyOC;
				USES_XCTRUNNER = YES;
			};
			name = Debug;
		};
		039EFBDF1BB2E69500CC59AA /* Release */ = {
			isa = XCBuildConfiguration;
			buildSettings = {
				INFOPLIST_FILE = KidFriendlyOCUITests/Info.plist;
				LD_RUNPATH_SEARCH_PATHS = "$(inherited) @executable_path/Frameworks @loader_path/Frameworks";
				PRODUCT_BUNDLE_IDENTIFIER = audiotrap.KidFriendlyOCUITests;
				PRODUCT_NAME = "$(TARGET_NAME)";
				TEST_TARGET_NAME = KidFriendlyOC;
				USES_XCTRUNNER = YES;
			};
			name = Release;
		};
/* End XCBuildConfiguration section */

/* Begin XCConfigurationList section */
		039EFBA21BB2E69500CC59AA /* Build configuration list for PBXProject "KidFriendlyOC" */ = {
			isa = XCConfigurationList;
			buildConfigurations = (
				039EFBD51BB2E69500CC59AA /* Debug */,
				039EFBD61BB2E69500CC59AA /* Release */,
			);
			defaultConfigurationIsVisible = 0;
			defaultConfigurationName = Release;
		};
		039EFBD71BB2E69500CC59AA /* Build configuration list for PBXNativeTarget "KidFriendlyOC" */ = {
			isa = XCConfigurationList;
			buildConfigurations = (
				039EFBD81BB2E69500CC59AA /* Debug */,
				039EFBD91BB2E69500CC59AA /* Release */,
			);
			defaultConfigurationIsVisible = 0;
		};
		039EFBDA1BB2E69500CC59AA /* Build configuration list for PBXNativeTarget "KidFriendlyOCTests" */ = {
			isa = XCConfigurationList;
			buildConfigurations = (
				039EFBDB1BB2E69500CC59AA /* Debug */,
				039EFBDC1BB2E69500CC59AA /* Release */,
			);
			defaultConfigurationIsVisible = 0;
		};
		039EFBDD1BB2E69500CC59AA /* Build configuration list for PBXNativeTarget "KidFriendlyOCUITests" */ = {
			isa = XCConfigurationList;
			buildConfigurations = (
				039EFBDE1BB2E69500CC59AA /* Debug */,
				039EFBDF1BB2E69500CC59AA /* Release */,
			);
			defaultConfigurationIsVisible = 0;
		};
/* End XCConfigurationList section */

/* Begin XCVersionGroup section */
		039EFBB61BB2E69500CC59AA /* KidFriendlyOC.xcdatamodeld */ = {
			isa = XCVersionGroup;
			children = (
				039EFBB71BB2E69500CC59AA /* KidFriendlyOC.xcdatamodel */,
			);
			currentVersion = 039EFBB71BB2E69500CC59AA /* KidFriendlyOC.xcdatamodel */;
			path = KidFriendlyOC.xcdatamodeld;
			sourceTree = "<group>";
			versionGroupType = wrapper.xcdatamodel;
		};
/* End XCVersionGroup section */
	};
	rootObject = 039EFB9F1BB2E69500CC59AA /* Project object */;
}
